
Microsoft Visual Studio Solution File, Format Version 12.00
# Visual Studio Version 17
VisualStudioVersion = 17.12.35527.113
MinimumVisualStudioVersion = 10.0.40219.1
Project("{FAE04EC0-301F-11D3-BF4B-00C04F79EFBC}") = "GrossistenApi", "GrossistenApi\GrossistenApi.csproj", "{FFB125A5-6753-4F0F-AC68-93DC8FEAFC36}"
EndProject
Project("{FAE04EC0-301F-11D3-BF4B-00C04F79EFBC}") = "GrossitenApiTest", "GrossitenApiTest\GrossitenApiTest.csproj", "{051D888E-637B-4AEF-9DD5-3807E0433111}"
EndProject
Global
	GlobalSection(SolutionConfigurationPlatforms) = preSolution
		Debug|Any CPU = Debug|Any CPU
		Release|Any CPU = Release|Any CPU
	EndGlobalSection
	GlobalSection(ProjectConfigurationPlatforms) = postSolution
		{FFB125A5-6753-4F0F-AC68-93DC8FEAFC36}.Debug|Any CPU.ActiveCfg = Debug|Any CPU
		{FFB125A5-6753-4F0F-AC68-93DC8FEAFC36}.Debug|Any CPU.Build.0 = Debug|Any CPU
		{FFB125A5-6753-4F0F-AC68-93DC8FEAFC36}.Release|Any CPU.ActiveCfg = Release|Any CPU
		{FFB125A5-6753-4F0F-AC68-93DC8FEAFC36}.Release|Any CPU.Build.0 = Release|Any CPU
		{051D888E-637B-4AEF-9DD5-3807E0433111}.Debug|Any CPU.ActiveCfg = Debug|Any CPU
		{051D888E-637B-4AEF-9DD5-3807E0433111}.Debug|Any CPU.Build.0 = Debug|Any CPU
		{051D888E-637B-4AEF-9DD5-3807E0433111}.Release|Any CPU.ActiveCfg = Release|Any CPU
		{051D888E-637B-4AEF-9DD5-3807E0433111}.Release|Any CPU.Build.0 = Release|Any CPU
	EndGlobalSection
	GlobalSection(SolutionProperties) = preSolution
		HideSolutionNode = FALSE
	EndGlobalSection
EndGlobal
